
Microsoft Visual Studio Solution File, Format Version 12.00
# Visual Studio Version 16
VisualStudioVersion = 16.0.30204.135
MinimumVisualStudioVersion = 10.0.40219.1
Project("{8BC9CEB8-8B4A-11D0-8D11-00A0C91BC942}") = "GtaPoolExtender", "GtaPoolExtender\GtaPoolExtender.vcxproj", "{09048132-A7FB-4D1E-9E3F-89E252B8DDB3}"
	ProjectSection(ProjectDependencies) = postProject
		{F142A341-5EE0-442D-A15F-98AE9B48DBAE} = {F142A341-5EE0-442D-A15F-98AE9B48DBAE}
	EndProjectSection
EndProject
Project("{8BC9CEB8-8B4A-11D0-8D11-00A0C91BC942}") = "libMinHook", "vendor\minhook\build\VC15\libMinHook.vcxproj", "{F142A341-5EE0-442D-A15F-98AE9B48DBAE}"
EndProject
Global
	GlobalSection(SolutionConfigurationPlatforms) = preSolution
		Debug|x64 = Debug|x64
		Debug|x86 = Debug|x86
		Release|x64 = Release|x64
		Release|x86 = Release|x86
	EndGlobalSection
	GlobalSection(ProjectConfigurationPlatforms) = postSolution
		{09048132-A7FB-4D1E-9E3F-89E252B8DDB3}.Debug|x64.ActiveCfg = Debug|x64
		{09048132-A7FB-4D1E-9E3F-89E252B8DDB3}.Debug|x64.Build.0 = Debug|x64
		{09048132-A7FB-4D1E-9E3F-89E252B8DDB3}.Debug|x86.ActiveCfg = Debug|Win32
		{09048132-A7FB-4D1E-9E3F-89E252B8DDB3}.Debug|x86.Build.0 = Debug|Win32
		{09048132-A7FB-4D1E-9E3F-89E252B8DDB3}.Release|x64.ActiveCfg = Release|x64
		{09048132-A7FB-4D1E-9E3F-89E252B8DDB3}.Release|x64.Build.0 = Release|x64
		{09048132-A7FB-4D1E-9E3F-89E252B8DDB3}.Release|x86.ActiveCfg = Release|Win32
		{09048132-A7FB-4D1E-9E3F-89E252B8DDB3}.Release|x86.Build.0 = Release|Win32
		{F142A341-5EE0-442D-A15F-98AE9B48DBAE}.Debug|x64.ActiveCfg = Debug|x64
		{F142A341-5EE0-442D-A15F-98AE9B48DBAE}.Debug|x64.Build.0 = Debug|x64
		{F142A341-5EE0-442D-A15F-98AE9B48DBAE}.Debug|x86.ActiveCfg = Debug|Win32
		{F142A341-5EE0-442D-A15F-98AE9B48DBAE}.Debug|x86.Build.0 = Debug|Win32
		{F142A341-5EE0-442D-A15F-98AE9B48DBAE}.Release|x64.ActiveCfg = Release|x64
		{F142A341-5EE0-442D-A15F-98AE9B48DBAE}.Release|x64.Build.0 = Release|x64
		{F142A341-5EE0-442D-A15F-98AE9B48DBAE}.Release|x86.ActiveCfg = Release|Win32
		{F142A341-5EE0-442D-A15F-98AE9B48DBAE}.Release|x86.Build.0 = Release|Win32
	EndGlobalSection
	GlobalSection(SolutionProperties) = preSolution
		HideSolutionNode = FALSE
	EndGlobalSection
	GlobalSection(ExtensibilityGlobals) = postSolution
		SolutionGuid = {C9A7EF3E-5D46-4174-93D9-1EDE2250EF1D}
	EndGlobalSection
EndGlobal
